
Microsoft Visual Studio Solution File, Format Version 12.00
# Visual Studio Version 16
VisualStudioVersion = 16.0.29609.76
MinimumVisualStudioVersion = 10.0.40219.1
Project("{888888A0-9F3D-457C-B088-3A5042F75D52}") = "Flask-ChatMiniProject", "Flask-ChatMiniProject.pyproj", "{7A5183CD-5AD8-460B-8DAD-189485FAF5EF}"
EndProject
Global
	GlobalSection(SolutionConfigurationPlatforms) = preSolution
		Debug|Any CPU = Debug|Any CPU
		Release|Any CPU = Release|Any CPU
	EndGlobalSection
	GlobalSection(ProjectConfigurationPlatforms) = postSolution
		{7A5183CD-5AD8-460B-8DAD-189485FAF5EF}.Debug|Any CPU.ActiveCfg = Debug|Any CPU
		{7A5183CD-5AD8-460B-8DAD-189485FAF5EF}.Debug|Any CPU.Build.0 = Debug|Any CPU
		{7A5183CD-5AD8-460B-8DAD-189485FAF5EF}.Release|Any CPU.ActiveCfg = Release|Any CPU
		{7A5183CD-5AD8-460B-8DAD-189485FAF5EF}.Release|Any CPU.Build.0 = Release|Any CPU
	EndGlobalSection
	GlobalSection(SolutionProperties) = preSolution
		HideSolutionNode = FALSE
	EndGlobalSection
	GlobalSection(ExtensibilityGlobals) = postSolution
		SolutionGuid = {3EC455BC-D484-46A8-8A03-F0139026E708}
	EndGlobalSection
EndGlobal
